
Microsoft Visual Studio Solution File, Format Version 12.00
# Visual Studio Version 16
VisualStudioVersion = 16.0.30711.63
MinimumVisualStudioVersion = 10.0.40219.1
Project("{FAE04EC0-301F-11D3-BF4B-00C04F79EFBC}") = "NguyenMaiChiTrung_5951071112", "NguyenMaiChiTrung_5951071112\NguyenMaiChiTrung_5951071112.csproj", "{B8A72BCB-0313-4A5B-865D-1EA580BECF51}"
EndProject
Global
	GlobalSection(SolutionConfigurationPlatforms) = preSolution
		Debug|Any CPU = Debug|Any CPU
		Release|Any CPU = Release|Any CPU
	EndGlobalSection
	GlobalSection(ProjectConfigurationPlatforms) = postSolution
		{B8A72BCB-0313-4A5B-865D-1EA580BECF51}.Debug|Any CPU.ActiveCfg = Debug|Any CPU
		{B8A72BCB-0313-4A5B-865D-1EA580BECF51}.Debug|Any CPU.Build.0 = Debug|Any CPU
		{B8A72BCB-0313-4A5B-865D-1EA580BECF51}.Release|Any CPU.ActiveCfg = Release|Any CPU
		{B8A72BCB-0313-4A5B-865D-1EA580BECF51}.Release|Any CPU.Build.0 = Release|Any CPU
	EndGlobalSection
	GlobalSection(SolutionProperties) = preSolution
		HideSolutionNode = FALSE
	EndGlobalSection
	GlobalSection(ExtensibilityGlobals) = postSolution
		SolutionGuid = {F1A2FD48-2312-44D7-95BE-9CECD3058E35}
	EndGlobalSection
EndGlobal
